// !$*UTF8*$!
{
	archiveVersion = 1;
	classes = {
	};
	objectVersion = 50;
	objects = {

/* Begin PBXBuildFile section */
		6035C0BA228AE9E90069A1C5 /* AppDelegate.swift in Sources */ = {isa = PBXBuildFile; fileRef = 6035C0B9228AE9E90069A1C5 /* AppDelegate.swift */; };
		6035C0BC228AE9E90069A1C5 /* ViewController.swift in Sources */ = {isa = PBXBuildFile; fileRef = 6035C0BB228AE9E90069A1C5 /* ViewController.swift */; };
		6035C0BF228AE9E90069A1C5 /* Main.storyboard in Resources */ = {isa = PBXBuildFile; fileRef = 6035C0BD228AE9E90069A1C5 /* Main.storyboard */; };
		6035C0C1228AE9F00069A1C5 /* Assets.xcassets in Resources */ = {isa = PBXBuildFile; fileRef = 6035C0C0228AE9F00069A1C5 /* Assets.xcassets */; };
		6035C0C4228AE9F00069A1C5 /* LaunchScreen.storyboard in Resources */ = {isa = PBXBuildFile; fileRef = 6035C0C2228AE9F00069A1C5 /* LaunchScreen.storyboard */; };
		6035C0CF228AE9F00069A1C5 /* Simple_Table_ViewTests.swift in Sources */ = {isa = PBXBuildFile; fileRef = 6035C0CE228AE9F00069A1C5 /* Simple_Table_ViewTests.swift */; };
		6035C0DA228AE9F00069A1C5 /* Simple_Table_ViewUITests.swift in Sources */ = {isa = PBXBuildFile; fileRef = 6035C0D9228AE9F00069A1C5 /* Simple_Table_ViewUITests.swift */; };
/* End PBXBuildFile section */

/* Begin PBXContainerItemProxy section */
		6035C0CB228AE9F00069A1C5 /* PBXContainerItemProxy */ = {
			isa = PBXContainerItemProxy;
			containerPortal = 6035C0AE228AE9E90069A1C5 /* Project object */;
			proxyType = 1;
			remoteGlobalIDString = 6035C0B5228AE9E90069A1C5;
			remoteInfo = "Simple Table View";
		};
		6035C0D6228AE9F00069A1C5 /* PBXContainerItemProxy */ = {
			isa = PBXContainerItemProxy;
			containerPortal = 6035C0AE228AE9E90069A1C5 /* Project object */;
			proxyType = 1;
			remoteGlobalIDString = 6035C0B5228AE9E90069A1C5;
			remoteInfo = "Simple Table View";
		};
/* End PBXContainerItemProxy section */

/* Begin PBXFileReference section */
		6035C0B6228AE9E90069A1C5 /* Simple Table View.app */ = {isa = PBXFileReference; explicitFileType = wrapper.application; includeInIndex = 0; path = "Simple Table View.app"; sourceTree = BUILT_PRODUCTS_DIR; };
		6035C0B9228AE9E90069A1C5 /* AppDelegate.swift */ = {isa = PBXFileReference; lastKnownFileType = sourcecode.swift; path = AppDelegate.swift; sourceTree = "<group>"; };
		6035C0BB228AE9E90069A1C5 /* ViewController.swift */ = {isa = PBXFileReference; lastKnownFileType = sourcecode.swift; path = ViewController.swift; sourceTree = "<group>"; };
		6035C0BE228AE9E90069A1C5 /* Base */ = {isa = PBXFileReference; lastKnownFileType = file.storyboard; name = Base; path = Base.lproj/Main.storyboard; sourceTree = "<group>"; };
		6035C0C0228AE9F00069A1C5 /* Assets.xcassets */ = {isa = PBXFileReference; lastKnownFileType = folder.assetcatalog; path = Assets.xcassets; sourceTree = "<group>"; };
		6035C0C3228AE9F00069A1C5 /* Base */ = {isa = PBXFileReference; lastKnownFileType = file.storyboard; name = Base; path = Base.lproj/LaunchScreen.storyboard; sourceTree = "<group>"; };
		6035C0C5228AE9F00069A1C5 /* Info.plist */ = {isa = PBXFileReference; lastKnownFileType = text.plist.xml; path = Info.plist; sourceTree = "<group>"; };
		6035C0CA228AE9F00069A1C5 /* Simple Table ViewTests.xctest */ = {isa = PBXFileReference; explicitFileType = wrapper.cfbundle; includeInIndex = 0; path = "Simple Table ViewTests.xctest"; sourceTree = BUILT_PRODUCTS_DIR; };
		6035C0CE228AE9F00069A1C5 /* Simple_Table_ViewTests.swift */ = {isa = PBXFileReference; lastKnownFileType = sourcecode.swift; path = Simple_Table_ViewTests.swift; sourceTree = "<group>"; };
		6035C0D0228AE9F00069A1C5 /* Info.plist */ = {isa = PBXFileReference; lastKnownFileType = text.plist.xml; path = Info.plist; sourceTree = "<group>"; };
		6035C0D5228AE9F00069A1C5 /* Simple Table ViewUITests.xctest */ = {isa = PBXFileReference; explicitFileType = wrapper.cfbundle; includeInIndex = 0; path = "Simple Table ViewUITests.xctest"; sourceTree = BUILT_PRODUCTS_DIR; };
		6035C0D9228AE9F00069A1C5 /* Simple_Table_ViewUITests.swift */ = {isa = PBXFileReference; lastKnownFileType = sourcecode.swift; path = Simple_Table_ViewUITests.swift; sourceTree = "<group>"; };
		6035C0DB228AE9F00069A1C5 /* Info.plist */ = {isa = PBXFileReference; lastKnownFileType = text.plist.xml; path = Info.plist; sourceTree = "<group>"; };
/* End PBXFileReference section */

/* Begin PBXFrameworksBuildPhase section */
		6035C0B3228AE9E90069A1C5 /* Frameworks */ = {
			isa = PBXFrameworksBuildPhase;
			buildActionMask = 2147483647;
			files = (
			);
			runOnlyForDeploymentPostprocessing = 0;
		};
		6035C0C7228AE9F00069A1C5 /* Frameworks */ = {
			isa = PBXFrameworksBuildPhase;
			buildActionMask = 2147483647;
			files = (
			);
			runOnlyForDeploymentPostprocessing = 0;
		};
		6035C0D2228AE9F00069A1C5 /* Frameworks */ = {
			isa = PBXFrameworksBuildPhase;
			buildActionMask = 2147483647;
			files = (
			);
			runOnlyForDeploymentPostprocessing = 0;
		};
/* End PBXFrameworksBuildPhase section */

/* Begin PBXGroup section */
		6035C0AD228AE9E90069A1C5 = {
			isa = PBXGroup;
			children = (
				6035C0B8228AE9E90069A1C5 /* Simple Table View */,
				6035C0CD228AE9F00069A1C5 /* Simple Table ViewTests */,
				6035C0D8228AE9F00069A1C5 /* Simple Table ViewUITests */,
				6035C0B7228AE9E90069A1C5 /* Products */,
			);
			sourceTree = "<group>";
		};
		6035C0B7228AE9E90069A1C5 /* Products */ = {
			isa = PBXGroup;
			children = (
				6035C0B6228AE9E90069A1C5 /* Simple Table View.app */,
				6035C0CA228AE9F00069A1C5 /* Simple Table ViewTests.xctest */,
				6035C0D5228AE9F00069A1C5 /* Simple Table ViewUITests.xctest */,
			);
			name = Products;
			sourceTree = "<group>";
		};
		6035C0B8228AE9E90069A1C5 /* Simple Table View */ = {
			isa = PBXGroup;
			children = (
				6035C0B9228AE9E90069A1C5 /* AppDelegate.swift */,
				6035C0BB228AE9E90069A1C5 /* ViewController.swift */,
				6035C0BD228AE9E90069A1C5 /* Main.storyboard */,
				6035C0C0228AE9F00069A1C5 /* Assets.xcassets */,
				6035C0C2228AE9F00069A1C5 /* LaunchScreen.storyboard */,
				6035C0C5228AE9F00069A1C5 /* Info.plist */,
			);
			path = "Simple Table View";
			sourceTree = "<group>";
		};
		6035C0CD228AE9F00069A1C5 /* Simple Table ViewTests */ = {
			isa = PBXGroup;
			children = (
				6035C0CE228AE9F00069A1C5 /* Simple_Table_ViewTests.swift */,
				6035C0D0228AE9F00069A1C5 /* Info.plist */,
			);
			path = "Simple Table ViewTests";
			sourceTree = "<group>";
		};
		6035C0D8228AE9F00069A1C5 /* Simple Table ViewUITests */ = {
			isa = PBXGroup;
			children = (
				6035C0D9228AE9F00069A1C5 /* Simple_Table_ViewUITests.swift */,
				6035C0DB228AE9F00069A1C5 /* Info.plist */,
			);
			path = "Simple Table ViewUITests";
			sourceTree = "<group>";
		};
/* End PBXGroup section */

/* Begin PBXNativeTarget section */
		6035C0B5228AE9E90069A1C5 /* Simple Table View */ = {
			isa = PBXNativeTarget;
			buildConfigurationList = 6035C0DE228AE9F00069A1C5 /* Build configuration list for PBXNativeTarget "Simple Table View" */;
			buildPhases = (
				6035C0B2228AE9E90069A1C5 /* Sources */,
				6035C0B3228AE9E90069A1C5 /* Frameworks */,
				6035C0B4228AE9E90069A1C5 /* Resources */,
			);
			buildRules = (
			);
			dependencies = (
			);
			name = "Simple Table View";
			productName = "Simple Table View";
			productReference = 6035C0B6228AE9E90069A1C5 /* Simple Table View.app */;
			productType = "com.apple.product-type.application";
		};
		6035C0C9228AE9F00069A1C5 /* Simple Table ViewTests */ = {
			isa = PBXNativeTarget;
			buildConfigurationList = 6035C0E1228AE9F00069A1C5 /* Build configuration list for PBXNativeTarget "Simple Table ViewTests" */;
			buildPhases = (
				6035C0C6228AE9F00069A1C5 /* Sources */,
				6035C0C7228AE9F00069A1C5 /* Frameworks */,
				6035C0C8228AE9F00069A1C5 /* Resources */,
			);
			buildRules = (
			);
			dependencies = (
				6035C0CC228AE9F00069A1C5 /* PBXTargetDependency */,
			);
			name = "Simple Table ViewTests";
			productName = "Simple Table ViewTests";
			productReference = 6035C0CA228AE9F00069A1C5 /* Simple Table ViewTests.xctest */;
			productType = "com.apple.product-type.bundle.unit-test";
		};
		6035C0D4228AE9F00069A1C5 /* Simple Table ViewUITests */ = {
			isa = PBXNativeTarget;
			buildConfigurationList = 6035C0E4228AE9F00069A1C5 /* Build configuration list for PBXNativeTarget "Simple Table ViewUITests" */;
			buildPhases = (
				6035C0D1228AE9F00069A1C5 /* Sources */,
				6035C0D2228AE9F00069A1C5 /* Frameworks */,
				6035C0D3228AE9F00069A1C5 /* Resources */,
			);
			buildRules = (
			);
			dependencies = (
				6035C0D7228AE9F00069A1C5 /* PBXTargetDependency */,
			);
			name = "Simple Table ViewUITests";
			productName = "Simple Table ViewUITests";
			productReference = 6035C0D5228AE9F00069A1C5 /* Simple Table ViewUITests.xctest */;
			productType = "com.apple.product-type.bundle.ui-testing";
		};
/* End PBXNativeTarget section */

/* Begin PBXProject section */
		6035C0AE228AE9E90069A1C5 /* Project object */ = {
			isa = PBXProject;
			attributes = {
				LastSwiftUpdateCheck = 1020;
				LastUpgradeCheck = 1020;
				ORGANIZATIONNAME = RDC;
				TargetAttributes = {
					6035C0B5228AE9E90069A1C5 = {
						CreatedOnToolsVersion = 10.2;
					};
					6035C0C9228AE9F00069A1C5 = {
						CreatedOnToolsVersion = 10.2;
						TestTargetID = 6035C0B5228AE9E90069A1C5;
					};
					6035C0D4228AE9F00069A1C5 = {
						CreatedOnToolsVersion = 10.2;
						TestTargetID = 6035C0B5228AE9E90069A1C5;
					};
				};
			};
			buildConfigurationList = 6035C0B1228AE9E90069A1C5 /* Build configuration list for PBXProject "Simple Table View" */;
			compatibilityVersion = "Xcode 9.3";
			developmentRegion = en;
			hasScannedForEncodings = 0;
			knownRegions = (
				en,
				Base,
			);
			mainGroup = 6035C0AD228AE9E90069A1C5;
			productRefGroup = 6035C0B7228AE9E90069A1C5 /* Products */;
			projectDirPath = "";
			projectRoot = "";
			targets = (
				6035C0B5228AE9E90069A1C5 /* Simple Table View */,
				6035C0C9228AE9F00069A1C5 /* Simple Table ViewTests */,
				6035C0D4228AE9F00069A1C5 /* Simple Table ViewUITests */,
			);
		};
/* End PBXProject section */

/* Begin PBXResourcesBuildPhase section */
		6035C0B4228AE9E90069A1C5 /* Resources */ = {
			isa = PBXResourcesBuildPhase;
			buildActionMask = 2147483647;
			files = (
				6035C0C4228AE9F00069A1C5 /* LaunchScreen.storyboard in Resources */,
				6035C0C1228AE9F00069A1C5 /* Assets.xcassets in Resources */,
				6035C0BF228AE9E90069A1C5 /* Main.storyboard in Resources */,
			);
			runOnlyForDeploymentPostprocessing = 0;
		};
		6035C0C8228AE9F00069A1C5 /* Resources */ = {
			isa = PBXResourcesBuildPhase;
			buildActionMask = 2147483647;
			files = (
			);
			runOnlyForDeploymentPostprocessing = 0;
		};
		6035C0D3228AE9F00069A1C5 /* Resources */ = {
			isa = PBXResourcesBuildPhase;
			buildActionMask = 2147483647;
			files = (
			);
			runOnlyForDeploymentPostprocessing = 0;
		};
/* End PBXResourcesBuildPhase section */

/* Begin PBXSourcesBuildPhase section */
		6035C0B2228AE9E90069A1C5 /* Sources */ = {
			isa = PBXSourcesBuildPhase;
			buildActionMask = 2147483647;
			files = (
				6035C0BC228AE9E90069A1C5 /* ViewController.swift in Sources */,
				6035C0BA228AE9E90069A1C5 /* AppDelegate.swift in Sources */,
			);
			runOnlyForDeploymentPostprocessing = 0;
		};
		6035C0C6228AE9F00069A1C5 /* Sources */ = {
			isa = PBXSourcesBuildPhase;
			buildActionMask = 2147483647;
			files = (
				6035C0CF228AE9F00069A1C5 /* Simple_Table_ViewTests.swift in Sources */,
			);
			runOnlyForDeploymentPostprocessing = 0;
		};
		6035C0D1228AE9F00069A1C5 /* Sources */ = {
			isa = PBXSourcesBuildPhase;
			buildActionMask = 2147483647;
			files = (
				6035C0DA228AE9F00069A1C5 /* Simple_Table_ViewUITests.swift in Sources */,
			);
			runOnlyForDeploymentPostprocessing = 0;
		};
/* End PBXSourcesBuildPhase section */

/* Begin PBXTargetDependency section */
		6035C0CC228AE9F00069A1C5 /* PBXTargetDependency */ = {
			isa = PBXTargetDependency;
			target = 6035C0B5228AE9E90069A1C5 /* Simple Table View */;
			targetProxy = 6035C0CB228AE9F00069A1C5 /* PBXContainerItemProxy */;
		};
		6035C0D7228AE9F00069A1C5 /* PBXTargetDependency */ = {
			isa = PBXTargetDependency;
			target = 6035C0B5228AE9E90069A1C5 /* Simple Table View */;
			targetProxy = 6035C0D6228AE9F00069A1C5 /* PBXContainerItemProxy */;
		};
/* End PBXTargetDependency section */

/* Begin PBXVariantGroup section */
		6035C0BD228AE9E90069A1C5 /* Main.storyboard */ = {
			isa = PBXVariantGroup;
			children = (
				6035C0BE228AE9E90069A1C5 /* Base */,
			);
			name = Main.storyboard;
			sourceTree = "<group>";
		};
		6035C0C2228AE9F00069A1C5 /* LaunchScreen.storyboard */ = {
			isa = PBXVariantGroup;
			children = (
				6035C0C3228AE9F00069A1C5 /* Base */,
			);
			name = LaunchScreen.storyboard;
			sourceTree = "<group>";
		};
/* End PBXVariantGroup section */

/* Begin XCBuildConfiguration section */
		6035C0DC228AE9F00069A1C5 /* Debug */ = {
			isa = XCBuildConfiguration;
			buildSettings = {
				ALWAYS_SEARCH_USER_PATHS = NO;
				CLANG_ANALYZER_NONNULL = YES;
				CLANG_ANALYZER_NUMBER_OBJECT_CONVERSION = YES_AGGRESSIVE;
				CLANG_CXX_LANGUAGE_STANDARD = "gnu++14";
				CLANG_CXX_LIBRARY = "libc++";
				CLANG_ENABLE_MODULES = YES;
				CLANG_ENABLE_OBJC_ARC = YES;
				CLANG_ENABLE_OBJC_WEAK = YES;
				CLANG_WARN_BLOCK_CAPTURE_AUTORELEASING = YES;
				CLANG_WARN_BOOL_CONVERSION = YES;
				CLANG_WARN_COMMA = YES;
				CLANG_WARN_CONSTANT_CONVERSION = YES;
				CLANG_WARN_DEPRECATED_OBJC_IMPLEMENTATIONS = YES;
				CLANG_WARN_DIRECT_OBJC_ISA_USAGE = YES_ERROR;
				CLANG_WARN_DOCUMENTATION_COMMENTS = YES;
				CLANG_WARN_EMPTY_BODY = YES;
				CLANG_WARN_ENUM_CONVERSION = YES;
				CLANG_WARN_INFINITE_RECURSION = YES;
				CLANG_WARN_INT_CONVERSION = YES;
				CLANG_WARN_NON_LITERAL_NULL_CONVERSION = YES;
				CLANG_WARN_OBJC_IMPLICIT_RETAIN_SELF = YES;
				CLANG_WARN_OBJC_LITERAL_CONVERSION = YES;
				CLANG_WARN_OBJC_ROOT_CLASS = YES_ERROR;
				CLANG_WARN_RANGE_LOOP_ANALYSIS = YES;
				CLANG_WARN_STRICT_PROTOTYPES = YES;
				CLANG_WARN_SUSPICIOUS_MOVE = YES;
				CLANG_WARN_UNGUARDED_AVAILABILITY = YES_AGGRESSIVE;
				CLANG_WARN_UNREACHABLE_CODE = YES;
				CLANG_WARN__DUPLICATE_METHOD_MATCH = YES;
				CODE_SIGN_IDENTITY = "iPhone Developer";
				COPY_PHASE_STRIP = NO;
				DEBUG_INFORMATION_FORMAT = dwarf;
				ENABLE_STRICT_OBJC_MSGSEND = YES;
				ENABLE_TESTABILITY = YES;
				GCC_C_LANGUAGE_STANDARD = gnu11;
				GCC_DYNAMIC_NO_PIC = NO;
				GCC_NO_COMMON_BLOCKS = YES;
				GCC_OPTIMIZATION_LEVEL = 0;
				GCC_PREPROCESSOR_DEFINITIONS = (
					"DEBUG=1",
					"$(inherited)",
				);
				GCC_WARN_64_TO_32_BIT_CONVERSION = YES;
				GCC_WARN_ABOUT_RETURN_TYPE = YES_ERROR;
				GCC_WARN_UNDECLARED_SELECTOR = YES;
				GCC_WARN_UNINITIALIZED_AUTOS = YES_AGGRESSIVE;
				GCC_WARN_UNUSED_FUNCTION = YES;
				GCC_WARN_UNUSED_VARIABLE = YES;
				IPHONEOS_DEPLOYMENT_TARGET = 12.2;
				MTL_ENABLE_DEBUG_INFO = INCLUDE_SOURCE;
				MTL_FAST_MATH = YES;
				ONLY_ACTIVE_ARCH = YES;
				SDKROOT = iphoneos;
				SWIFT_ACTIVE_COMPILATION_CONDITIONS = DEBUG;
				SWIFT_OPTIMIZATION_LEVEL = "-Onone";
			};
			name = Debug;
		};
		6035C0DD228AE9F00069A1C5 /* Release */ = {
			isa = XCBuildConfiguration;
			buildSettings = {
				ALWAYS_SEARCH_USER_PATHS = NO;
				CLANG_ANALYZER_NONNULL = YES;
				CLANG_ANALYZER_NUMBER_OBJECT_CONVERSION = YES_AGGRESSIVE;
				CLANG_CXX_LANGUAGE_STANDARD = "gnu++14";
				CLANG_CXX_LIBRARY = "libc++";
				CLANG_ENABLE_MODULES = YES;
				CLANG_ENABLE_OBJC_ARC = YES;
				CLANG_ENABLE_OBJC_WEAK = YES;
				CLANG_WARN_BLOCK_CAPTURE_AUTORELEASING = YES;
				CLANG_WARN_BOOL_CONVERSION = YES;
				CLANG_WARN_COMMA = YES;
				CLANG_WARN_CONSTANT_CONVERSION = YES;
				CLANG_WARN_DEPRECATED_OBJC_IMPLEMENTATIONS = YES;
				CLANG_WARN_DIRECT_OBJC_ISA_USAGE = YES_ERROR;
				CLANG_WARN_DOCUMENTATION_COMMENTS = YES;
				CLANG_WARN_EMPTY_BODY = YES;
				CLANG_WARN_ENUM_CONVERSION = YES;
				CLANG_WARN_INFINITE_RECURSION = YES;
				CLANG_WARN_INT_CONVERSION = YES;
				CLANG_WARN_NON_LITERAL_NULL_CONVERSION = YES;
				CLANG_WARN_OBJC_IMPLICIT_RETAIN_SELF = YES;
				CLANG_WARN_OBJC_LITERAL_CONVERSION = YES;
				CLANG_WARN_OBJC_ROOT_CLASS = YES_ERROR;
				CLANG_WARN_RANGE_LOOP_ANALYSIS = YES;
				CLANG_WARN_STRICT_PROTOTYPES = YES;
				CLANG_WARN_SUSPICIOUS_MOVE = YES;
				CLANG_WARN_UNGUARDED_AVAILABILITY = YES_AGGRESSIVE;
				CLANG_WARN_UNREACHABLE_CODE = YES;
				CLANG_WARN__DUPLICATE_METHOD_MATCH = YES;
				CODE_SIGN_IDENTITY = "iPhone Developer";
				COPY_PHASE_STRIP = NO;
				DEBUG_INFORMATION_FORMAT = "dwarf-with-dsym";
				ENABLE_NS_ASSERTIONS = NO;
				ENABLE_STRICT_OBJC_MSGSEND = YES;
				GCC_C_LANGUAGE_STANDARD = gnu11;
				GCC_NO_COMMON_BLOCKS = YES;
				GCC_WARN_64_TO_32_BIT_CONVERSION = YES;
				GCC_WARN_ABOUT_RETURN_TYPE = YES_ERROR;
				GCC_WARN_UNDECLARED_SELECTOR = YES;
				GCC_WARN_UNINITIALIZED_AUTOS = YES_AGGRESSIVE;
				GCC_WARN_UNUSED_FUNCTION = YES;
				GCC_WARN_UNUSED_VARIABLE = YES;
				IPHONEOS_DEPLOYMENT_TARGET = 12.2;
				MTL_ENABLE_DEBUG_INFO = NO;
				MTL_FAST_MATH = YES;
				SDKROOT = iphoneos;
				SWIFT_COMPILATION_MODE = wholemodule;
				SWIFT_OPTIMIZATION_LEVEL = "-O";
				VALIDATE_PRODUCT = YES;
			};
			name = Release;
		};
		6035C0DF228AE9F00069A1C5 /* Debug */ = {
			isa = XCBuildConfiguration;
			buildSettings = {
				ASSETCATALOG_COMPILER_APPICON_NAME = AppIcon;
				CODE_SIGN_STYLE = Automatic;
				DEVELOPMENT_TEAM = G87CHFM45D;
				INFOPLIST_FILE = "Simple Table View/Info.plist";
				LD_RUNPATH_SEARCH_PATHS = (
					"$(inherited)",
					"@executable_path/Frameworks",
				);
				PRODUCT_BUNDLE_IDENTIFIER = "com.rdc.Simple-Table-View";
				PRODUCT_NAME = "$(TARGET_NAME)";
				SWIFT_VERSION = 5.0;
				TARGETED_DEVICE_FAMILY = "1,2";
			};
			name = Debug;
		};
		6035C0E0228AE9F00069A1C5 /* Release */ = {
			isa = XCBuildConfiguration;
			buildSettings = {
				ASSETCATALOG_COMPILER_APPICON_NAME = AppIcon;
				CODE_SIGN_STYLE = Automatic;
				DEVELOPMENT_TEAM = G87CHFM45D;
				INFOPLIST_FILE = "Simple Table View/Info.plist";
				LD_RUNPATH_SEARCH_PATHS = (
					"$(inherited)",
					"@executable_path/Frameworks",
				);
				PRODUCT_BUNDLE_IDENTIFIER = "com.rdc.Simple-Table-View";
				PRODUCT_NAME = "$(TARGET_NAME)";
				SWIFT_VERSION = 5.0;
				TARGETED_DEVICE_FAMILY = "1,2";
			};
			name = Release;
		};
		6035C0E2228AE9F00069A1C5 /* Debug */ = {
			isa = XCBuildConfiguration;
			buildSettings = {
				ALWAYS_EMBED_SWIFT_STANDARD_LIBRARIES = YES;
				BUNDLE_LOADER = "$(TEST_HOST)";
				CODE_SIGN_STYLE = Automatic;
				DEVELOPMENT_TEAM = G87CHFM45D;
				INFOPLIST_FILE = "Simple Table ViewTests/Info.plist";
				LD_RUNPATH_SEARCH_PATHS = (
					"$(inherited)",
					"@executable_path/Frameworks",
					"@loader_path/Frameworks",
				);
				PRODUCT_BUNDLE_IDENTIFIER = "com.rdc.Simple-Table-ViewTests";
				PRODUCT_NAME = "$(TARGET_NAME)";
				SWIFT_VERSION = 5.0;
				TARGETED_DEVICE_FAMILY = "1,2";
				TEST_HOST = "$(BUILT_PRODUCTS_DIR)/Simple Table View.app/Simple Table View";
			};
			name = Debug;
		};
		6035C0E3228AE9F00069A1C5 /* Release */ = {
			isa = XCBuildConfiguration;
			buildSettings = {
				ALWAYS_EMBED_SWIFT_STANDARD_LIBRARIES = YES;
				BUNDLE_LOADER = "$(TEST_HOST)";
				CODE_SIGN_STYLE = Automatic;
				DEVELOPMENT_TEAM = G87CHFM45D;
				INFOPLIST_FILE = "Simple Table ViewTests/Info.plist";
				LD_RUNPATH_SEARCH_PATHS = (
					"$(inherited)",
					"@executable_path/Frameworks",
					"@loader_path/Frameworks",
				);
				PRODUCT_BUNDLE_IDENTIFIER = "com.rdc.Simple-Table-ViewTests";
				PRODUCT_NAME = "$(TARGET_NAME)";
				SWIFT_VERSION = 5.0;
				TARGETED_DEVICE_FAMILY = "1,2";
				TEST_HOST = "$(BUILT_PRODUCTS_DIR)/Simple Table View.app/Simple Table View";
			};
			name = Release;
		};
		6035C0E5228AE9F00069A1C5 /* Debug */ = {
			isa = XCBuildConfiguration;
			buildSettings = {
				ALWAYS_EMBED_SWIFT_STANDARD_LIBRARIES = YES;
				CODE_SIGN_STYLE = Automatic;
				DEVELOPMENT_TEAM = G87CHFM45D;
				INFOPLIST_FILE = "Simple Table ViewUITests/Info.plist";
				LD_RUNPATH_SEARCH_PATHS = (
					"$(inherited)",
					"@executable_path/Frameworks",
					"@loader_path/Frameworks",
				);
				PRODUCT_BUNDLE_IDENTIFIER = "com.rdc.Simple-Table-ViewUITests";
				PRODUCT_NAME = "$(TARGET_NAME)";
				SWIFT_VERSION = 5.0;
				TARGETED_DEVICE_FAMILY = "1,2";
				TEST_TARGET_NAME = "Simple Table View";
			};
			name = Debug;
		};
		6035C0E6228AE9F00069A1C5 /* Release */ = {
			isa = XCBuildConfiguration;
			buildSettings = {
				ALWAYS_EMBED_SWIFT_STANDARD_LIBRARIES = YES;
				CODE_SIGN_STYLE = Automatic;
				DEVELOPMENT_TEAM = G87CHFM45D;
				INFOPLIST_FILE = "Simple Table ViewUITests/Info.plist";
				LD_RUNPATH_SEARCH_PATHS = (
					"$(inherited)",
					"@executable_path/Frameworks",
					"@loader_path/Frameworks",
				);
				PRODUCT_BUNDLE_IDENTIFIER = "com.rdc.Simple-Table-ViewUITests";
				PRODUCT_NAME = "$(TARGET_NAME)";
				SWIFT_VERSION = 5.0;
				TARGETED_DEVICE_FAMILY = "1,2";
				TEST_TARGET_NAME = "Simple Table View";
			};
			name = Release;
		};
/* End XCBuildConfiguration section */

/* Begin XCConfigurationList section */
		6035C0B1228AE9E90069A1C5 /* Build configuration list for PBXProject "Simple Table View" */ = {
			isa = XCConfigurationList;
			buildConfigurations = (
				6035C0DC228AE9F00069A1C5 /* Debug */,
				6035C0DD228AE9F00069A1C5 /* Release */,
			);
			defaultConfigurationIsVisible = 0;
			defaultConfigurationName = Release;
		};
		6035C0DE228AE9F00069A1C5 /* Build configuration list for PBXNativeTarget "Simple Table View" */ = {
			isa = XCConfigurationList;
			buildConfigurations = (
				6035C0DF228AE9F00069A1C5 /* Debug */,
				6035C0E0228AE9F00069A1C5 /* Release */,
			);
			defaultConfigurationIsVisible = 0;
			defaultConfigurationName = Release;
		};
		6035C0E1228AE9F00069A1C5 /* Build configuration list for PBXNativeTarget "Simple Table ViewTests" */ = {
			isa = XCConfigurationList;
			buildConfigurations = (
				6035C0E2228AE9F00069A1C5 /* Debug */,
				6035C0E3228AE9F00069A1C5 /* Release */,
			);
			defaultConfigurationIsVisible = 0;
			defaultConfigurationName = Release;
		};
		6035C0E4228AE9F00069A1C5 /* Build configuration list for PBXNativeTarget "Simple Table ViewUITests" */ = {
			isa = XCConfigurationList;
			buildConfigurations = (
				6035C0E5228AE9F00069A1C5 /* Debug */,
				6035C0E6228AE9F00069A1C5 /* Release */,
			);
			defaultConfigurationIsVisible = 0;
			defaultConfigurationName = Release;
		};
/* End XCConfigurationList section */
	};
	rootObject = 6035C0AE228AE9E90069A1C5 /* Project object */;
}
